PODS:
  - MenuBar (1.0.0)

DEPENDENCIES:
  - MenuBar (from `https://github.com/IgorMuzyka/MenuBar.git`)

EXTERNAL SOURCES:
  MenuBar:
    :git: https://github.com/IgorMuzyka/MenuBar.git

CHECKOUT OPTIONS:
  MenuBar:
    :commit: c6d5d4cb316395bbfa11a02122cae3cc65b485f9
    :git: https://github.com/IgorMuzyka/MenuBar.git

SPEC CHECKSUMS:
  MenuBar: 053ba2c3a94d110d4959cf4b71f8a5d31c4fc714

PODFILE CHECKSUM: 858eba47df5a952b60f0eb1a3e5d635249fde436

COCOAPODS: 1.8.0.beta.1
