// !$*UTF8*$!
{
	archiveVersion = 1;
	classes = {
	};
	objectVersion = 50;
	objects = {

/* Begin PBXBuildFile section */
		3A1C098CA4991A767431BB84 /* Pods_WiFiName.framework in Frameworks */ = {isa = PBXBuildFile; fileRef = C96E5446CE84C2A80F329724 /* Pods_WiFiName.framework */; };
		45DCAC5E2302F0EA0078A290 /* AppDelegate.swift in Sources */ = {isa = PBXBuildFile; fileRef = 45DCAC5D2302F0EA0078A290 /* AppDelegate.swift */; };
		45DCAC602302F0EA0078A290 /* ViewController.swift in Sources */ = {isa = PBXBuildFile; fileRef = 45DCAC5F2302F0EA0078A290 /* ViewController.swift */; };
		45DCAC622302F0EB0078A290 /* Assets.xcassets in Resources */ = {isa = PBXBuildFile; fileRef = 45DCAC612302F0EB0078A290 /* Assets.xcassets */; };
		45DCAC652302F0EB0078A290 /* Main.storyboard in Resources */ = {isa = PBXBuildFile; fileRef = 45DCAC632302F0EB0078A290 /* Main.storyboard */; };
/* End PBXBuildFile section */

/* Begin PBXFileReference section */
		2D0B7F3D90D1118306CF6437 /* Pods-WiFiName.release.xcconfig */ = {isa = PBXFileReference; includeInIndex = 1; lastKnownFileType = text.xcconfig; name = "Pods-WiFiName.release.xcconfig"; path = "Pods/Target Support Files/Pods-WiFiName/Pods-WiFiName.release.xcconfig"; sourceTree = "<group>"; };
		45DCAC5A2302F0EA0078A290 /* WiFiName.app */ = {isa = PBXFileReference; explicitFileType = wrapper.application; includeInIndex = 0; path = WiFiName.app; sourceTree = BUILT_PRODUCTS_DIR; };
		45DCAC5D2302F0EA0078A290 /* AppDelegate.swift */ = {isa = PBXFileReference; lastKnownFileType = sourcecode.swift; path = AppDelegate.swift; sourceTree = "<group>"; };
		45DCAC5F2302F0EA0078A290 /* ViewController.swift */ = {isa = PBXFileReference; lastKnownFileType = sourcecode.swift; path = ViewController.swift; sourceTree = "<group>"; };
		45DCAC612302F0EB0078A290 /* Assets.xcassets */ = {isa = PBXFileReference; lastKnownFileType = folder.assetcatalog; path = Assets.xcassets; sourceTree = "<group>"; };
		45DCAC642302F0EB0078A290 /* Base */ = {isa = PBXFileReference; lastKnownFileType = file.storyboard; name = Base; path = Base.lproj/Main.storyboard; sourceTree = "<group>"; };
		45DCAC662302F0EB0078A290 /* Info.plist */ = {isa = PBXFileReference; lastKnownFileType = text.plist.xml; path = Info.plist; sourceTree = "<group>"; };
		45DCAC672302F0EB0078A290 /* WiFiName.entitlements */ = {isa = PBXFileReference; lastKnownFileType = text.plist.entitlements; path = WiFiName.entitlements; sourceTree = "<group>"; };
		4A697425752BA524D78E5622 /* Pods-WiFiName.debug.xcconfig */ = {isa = PBXFileReference; includeInIndex = 1; lastKnownFileType = text.xcconfig; name = "Pods-WiFiName.debug.xcconfig"; path = "Pods/Target Support Files/Pods-WiFiName/Pods-WiFiName.debug.xcconfig"; sourceTree = "<group>"; };
		C96E5446CE84C2A80F329724 /* Pods_WiFiName.framework */ = {isa = PBXFileReference; explicitFileType = wrapper.framework; includeInIndex = 0; path = Pods_WiFiName.framework; sourceTree = BUILT_PRODUCTS_DIR; };
/* End PBXFileReference section */

/* Begin PBXFrameworksBuildPhase section */
		45DCAC572302F0EA0078A290 /* Frameworks */ = {
			isa = PBXFrameworksBuildPhase;
			buildActionMask = 2147483647;
			files = (
				3A1C098CA4991A767431BB84 /* Pods_WiFiName.framework in Frameworks */,
			);
			runOnlyForDeploymentPostprocessing = 0;
		};
/* End PBXFrameworksBuildPhase section */

/* Begin PBXGroup section */
		45DCAC512302F0EA0078A290 = {
			isa = PBXGroup;
			children = (
				45DCAC5C2302F0EA0078A290 /* WiFiName */,
				45DCAC5B2302F0EA0078A290 /* Products */,
				D324BF74D593BF1A1A12EE09 /* Pods */,
				85D2223843D6CDC7BB3C5514 /* Frameworks */,
			);
			sourceTree = "<group>";
		};
		45DCAC5B2302F0EA0078A290 /* Products */ = {
			isa = PBXGroup;
			children = (
				45DCAC5A2302F0EA0078A290 /* WiFiName.app */,
			);
			name = Products;
			sourceTree = "<group>";
		};
		45DCAC5C2302F0EA0078A290 /* WiFiName */ = {
			isa = PBXGroup;
			children = (
				45DCAC5D2302F0EA0078A290 /* AppDelegate.swift */,
				45DCAC5F2302F0EA0078A290 /* ViewController.swift */,
				45DCAC612302F0EB0078A290 /* Assets.xcassets */,
				45DCAC632302F0EB0078A290 /* Main.storyboard */,
				45DCAC662302F0EB0078A290 /* Info.plist */,
				45DCAC672302F0EB0078A290 /* WiFiName.entitlements */,
			);
			path = WiFiName;
			sourceTree = "<group>";
		};
		85D2223843D6CDC7BB3C5514 /* Frameworks */ = {
			isa = PBXGroup;
			children = (
				C96E5446CE84C2A80F329724 /* Pods_WiFiName.framework */,
			);
			name = Frameworks;
			sourceTree = "<group>";
		};
		D324BF74D593BF1A1A12EE09 /* Pods */ = {
			isa = PBXGroup;
			children = (
				4A697425752BA524D78E5622 /* Pods-WiFiName.debug.xcconfig */,
				2D0B7F3D90D1118306CF6437 /* Pods-WiFiName.release.xcconfig */,
			);
			name = Pods;
			sourceTree = "<group>";
		};
/* End PBXGroup section */

/* Begin PBXNativeTarget section */
		45DCAC592302F0EA0078A290 /* WiFiName */ = {
			isa = PBXNativeTarget;
			buildConfigurationList = 45DCAC6A2302F0EB0078A290 /* Build configuration list for PBXNativeTarget "WiFiName" */;
			buildPhases = (
				DE6973AA0C99D674945AE5E9 /* [CP] Check Pods Manifest.lock */,
				45DCAC562302F0EA0078A290 /* Sources */,
				45DCAC572302F0EA0078A290 /* Frameworks */,
				45DCAC582302F0EA0078A290 /* Resources */,
				DDA2EECFB3EC4612634D4146 /* [CP] Embed Pods Frameworks */,
			);
			buildRules = (
			);
			dependencies = (
			);
			name = WiFiName;
			productName = WiFiName;
			productReference = 45DCAC5A2302F0EA0078A290 /* WiFiName.app */;
			productType = "com.apple.product-type.application";
		};
/* End PBXNativeTarget section */

/* Begin PBXProject section */
		45DCAC522302F0EA0078A290 /* Project object */ = {
			isa = PBXProject;
			attributes = {
				LastSwiftUpdateCheck = 1030;
				LastUpgradeCheck = 1030;
				ORGANIZATIONNAME = chillar;
				TargetAttributes = {
					45DCAC592302F0EA0078A290 = {
						CreatedOnToolsVersion = 10.3;
					};
				};
			};
			buildConfigurationList = 45DCAC552302F0EA0078A290 /* Build configuration list for PBXProject "WiFiName" */;
			compatibilityVersion = "Xcode 9.3";
			developmentRegion = en;
			hasScannedForEncodings = 0;
			knownRegions = (
				en,
				Base,
			);
			mainGroup = 45DCAC512302F0EA0078A290;
			productRefGroup = 45DCAC5B2302F0EA0078A290 /* Products */;
			projectDirPath = "";
			projectRoot = "";
			targets = (
				45DCAC592302F0EA0078A290 /* WiFiName */,
			);
		};
/* End PBXProject section */

/* Begin PBXResourcesBuildPhase section */
		45DCAC582302F0EA0078A290 /* Resources */ = {
			isa = PBXResourcesBuildPhase;
			buildActionMask = 2147483647;
			files = (
				45DCAC622302F0EB0078A290 /* Assets.xcassets in Resources */,
				45DCAC652302F0EB0078A290 /* Main.storyboard in Resources */,
			);
			runOnlyForDeploymentPostprocessing = 0;
		};
/* End PBXResourcesBuildPhase section */

/* Begin PBXShellScriptBuildPhase section */
		DDA2EECFB3EC4612634D4146 /* [CP] Embed Pods Frameworks */ = {
			isa = PBXShellScriptBuildPhase;
			buildActionMask = 2147483647;
			files = (
			);
			inputFileListPaths = (
				"${PODS_ROOT}/Target Support Files/Pods-WiFiName/Pods-WiFiName-frameworks-${CONFIGURATION}-input-files.xcfilelist",
			);
			name = "[CP] Embed Pods Frameworks";
			outputFileListPaths = (
				"${PODS_ROOT}/Target Support Files/Pods-WiFiName/Pods-WiFiName-frameworks-${CONFIGURATION}-output-files.xcfilelist",
			);
			runOnlyForDeploymentPostprocessing = 0;
			shellPath = /bin/sh;
			shellScript = "\"${PODS_ROOT}/Target Support Files/Pods-WiFiName/Pods-WiFiName-frameworks.sh\"\n";
			showEnvVarsInLog = 0;
		};
		DE6973AA0C99D674945AE5E9 /* [CP] Check Pods Manifest.lock */ = {
			isa = PBXShellScriptBuildPhase;
			buildActionMask = 2147483647;
			files = (
			);
			inputFileListPaths = (
			);
			inputPaths = (
				"${PODS_PODFILE_DIR_PATH}/Podfile.lock",
				"${PODS_ROOT}/Manifest.lock",
			);
			name = "[CP] Check Pods Manifest.lock";
			outputFileListPaths = (
			);
			outputPaths = (
				"$(DERIVED_FILE_DIR)/Pods-WiFiName-checkManifestLockResult.txt",
			);
			runOnlyForDeploymentPostprocessing = 0;
			shellPath = /bin/sh;
			shellScript = "diff \"${PODS_PODFILE_DIR_PATH}/Podfile.lock\" \"${PODS_ROOT}/Manifest.lock\" > /dev/null\nif [ $? != 0 ] ; then\n    # print error to STDERR\n    echo \"error: The sandbox is not in sync with the Podfile.lock. Run 'pod install' or update your CocoaPods installation.\" >&2\n    exit 1\nfi\n# This output is used by Xcode 'outputs' to avoid re-running this script phase.\necho \"SUCCESS\" > \"${SCRIPT_OUTPUT_FILE_0}\"\n";
			showEnvVarsInLog = 0;
		};
/* End PBXShellScriptBuildPhase section */

/* Begin PBXSourcesBuildPhase section */
		45DCAC562302F0EA0078A290 /* Sources */ = {
			isa = PBXSourcesBuildPhase;
			buildActionMask = 2147483647;
			files = (
				45DCAC602302F0EA0078A290 /* ViewController.swift in Sources */,
				45DCAC5E2302F0EA0078A290 /* AppDelegate.swift in Sources */,
			);
			runOnlyForDeploymentPostprocessing = 0;
		};
/* End PBXSourcesBuildPhase section */

/* Begin PBXVariantGroup section */
		45DCAC632302F0EB0078A290 /* Main.storyboard */ = {
			isa = PBXVariantGroup;
			children = (
				45DCAC642302F0EB0078A290 /* Base */,
			);
			name = Main.storyboard;
			sourceTree = "<group>";
		};
/* End PBXVariantGroup section */

/* Begin XCBuildConfiguration section */
		45DCAC682302F0EB0078A290 /* Debug */ = {
			isa = XCBuildConfiguration;
			buildSettings = {
				ALWAYS_SEARCH_USER_PATHS = NO;
				CLANG_ANALYZER_NONNULL = YES;
				CLANG_ANALYZER_NUMBER_OBJECT_CONVERSION = YES_AGGRESSIVE;
				CLANG_CXX_LANGUAGE_STANDARD = "gnu++14";
				CLANG_CXX_LIBRARY = "libc++";
				CLANG_ENABLE_MODULES = YES;
				CLANG_ENABLE_OBJC_ARC = YES;
				CLANG_ENABLE_OBJC_WEAK = YES;
				CLANG_WARN_BLOCK_CAPTURE_AUTORELEASING = YES;
				CLANG_WARN_BOOL_CONVERSION = YES;
				CLANG_WARN_COMMA = YES;
				CLANG_WARN_CONSTANT_CONVERSION = YES;
				CLANG_WARN_DEPRECATED_OBJC_IMPLEMENTATIONS = YES;
				CLANG_WARN_DIRECT_OBJC_ISA_USAGE = YES_ERROR;
				CLANG_WARN_DOCUMENTATION_COMMENTS = YES;
				CLANG_WARN_EMPTY_BODY = YES;
				CLANG_WARN_ENUM_CONVERSION = YES;
				CLANG_WARN_INFINITE_RECURSION = YES;
				CLANG_WARN_INT_CONVERSION = YES;
				CLANG_WARN_NON_LITERAL_NULL_CONVERSION = YES;
				CLANG_WARN_OBJC_IMPLICIT_RETAIN_SELF = YES;
				CLANG_WARN_OBJC_LITERAL_CONVERSION = YES;
				CLANG_WARN_OBJC_ROOT_CLASS = YES_ERROR;
				CLANG_WARN_RANGE_LOOP_ANALYSIS = YES;
				CLANG_WARN_STRICT_PROTOTYPES = YES;
				CLANG_WARN_SUSPICIOUS_MOVE = YES;
				CLANG_WARN_UNGUARDED_AVAILABILITY = YES_AGGRESSIVE;
				CLANG_WARN_UNREACHABLE_CODE = YES;
				CLANG_WARN__DUPLICATE_METHOD_MATCH = YES;
				CODE_SIGN_IDENTITY = "Mac Developer";
				COPY_PHASE_STRIP = NO;
				DEBUG_INFORMATION_FORMAT = dwarf;
				ENABLE_STRICT_OBJC_MSGSEND = YES;
				ENABLE_TESTABILITY = YES;
				GCC_C_LANGUAGE_STANDARD = gnu11;
				GCC_DYNAMIC_NO_PIC = NO;
				GCC_NO_COMMON_BLOCKS = YES;
				GCC_OPTIMIZATION_LEVEL = 0;
				GCC_PREPROCESSOR_DEFINITIONS = (
					"DEBUG=1",
					"$(inherited)",
				);
				GCC_WARN_64_TO_32_BIT_CONVERSION = YES;
				GCC_WARN_ABOUT_RETURN_TYPE = YES_ERROR;
				GCC_WARN_UNDECLARED_SELECTOR = YES;
				GCC_WARN_UNINITIALIZED_AUTOS = YES_AGGRESSIVE;
				GCC_WARN_UNUSED_FUNCTION = YES;
				GCC_WARN_UNUSED_VARIABLE = YES;
				MACOSX_DEPLOYMENT_TARGET = 10.10;
				MTL_ENABLE_DEBUG_INFO = INCLUDE_SOURCE;
				MTL_FAST_MATH = YES;
				ONLY_ACTIVE_ARCH = YES;
				SDKROOT = macosx;
				SWIFT_ACTIVE_COMPILATION_CONDITIONS = DEBUG;
				SWIFT_OPTIMIZATION_LEVEL = "-Onone";
			};
			name = Debug;
		};
		45DCAC692302F0EB0078A290 /* Release */ = {
			isa = XCBuildConfiguration;
			buildSettings = {
				ALWAYS_SEARCH_USER_PATHS = NO;
				CLANG_ANALYZER_NONNULL = YES;
				CLANG_ANALYZER_NUMBER_OBJECT_CONVERSION = YES_AGGRESSIVE;
				CLANG_CXX_LANGUAGE_STANDARD = "gnu++14";
				CLANG_CXX_LIBRARY = "libc++";
				CLANG_ENABLE_MODULES = YES;
				CLANG_ENABLE_OBJC_ARC = YES;
				CLANG_ENABLE_OBJC_WEAK = YES;
				CLANG_WARN_BLOCK_CAPTURE_AUTORELEASING = YES;
				CLANG_WARN_BOOL_CONVERSION = YES;
				CLANG_WARN_COMMA = YES;
				CLANG_WARN_CONSTANT_CONVERSION = YES;
				CLANG_WARN_DEPRECATED_OBJC_IMPLEMENTATIONS = YES;
				CLANG_WARN_DIRECT_OBJC_ISA_USAGE = YES_ERROR;
				CLANG_WARN_DOCUMENTATION_COMMENTS = YES;
				CLANG_WARN_EMPTY_BODY = YES;
				CLANG_WARN_ENUM_CONVERSION = YES;
				CLANG_WARN_INFINITE_RECURSION = YES;
				CLANG_WARN_INT_CONVERSION = YES;
				CLANG_WARN_NON_LITERAL_NULL_CONVERSION = YES;
				CLANG_WARN_OBJC_IMPLICIT_RETAIN_SELF = YES;
				CLANG_WARN_OBJC_LITERAL_CONVERSION = YES;
				CLANG_WARN_OBJC_ROOT_CLASS = YES_ERROR;
				CLANG_WARN_RANGE_LOOP_ANALYSIS = YES;
				CLANG_WARN_STRICT_PROTOTYPES = YES;
				CLANG_WARN_SUSPICIOUS_MOVE = YES;
				CLANG_WARN_UNGUARDED_AVAILABILITY = YES_AGGRESSIVE;
				CLANG_WARN_UNREACHABLE_CODE = YES;
				CLANG_WARN__DUPLICATE_METHOD_MATCH = YES;
				CODE_SIGN_IDENTITY = "Mac Developer";
				COPY_PHASE_STRIP = NO;
				DEBUG_INFORMATION_FORMAT = "dwarf-with-dsym";
				ENABLE_NS_ASSERTIONS = NO;
				ENABLE_STRICT_OBJC_MSGSEND = YES;
				GCC_C_LANGUAGE_STANDARD = gnu11;
				GCC_NO_COMMON_BLOCKS = YES;
				GCC_WARN_64_TO_32_BIT_CONVERSION = YES;
				GCC_WARN_ABOUT_RETURN_TYPE = YES_ERROR;
				GCC_WARN_UNDECLARED_SELECTOR = YES;
				GCC_WARN_UNINITIALIZED_AUTOS = YES_AGGRESSIVE;
				GCC_WARN_UNUSED_FUNCTION = YES;
				GCC_WARN_UNUSED_VARIABLE = YES;
				MACOSX_DEPLOYMENT_TARGET = 10.10;
				MTL_ENABLE_DEBUG_INFO = NO;
				MTL_FAST_MATH = YES;
				SDKROOT = macosx;
				SWIFT_COMPILATION_MODE = wholemodule;
				SWIFT_OPTIMIZATION_LEVEL = "-O";
			};
			name = Release;
		};
		45DCAC6B2302F0EB0078A290 /* Debug */ = {
			isa = XCBuildConfiguration;
			baseConfigurationReference = 4A697425752BA524D78E5622 /* Pods-WiFiName.debug.xcconfig */;
			buildSettings = {
				ASSETCATALOG_COMPILER_APPICON_NAME = AppIcon;
				CODE_SIGN_ENTITLEMENTS = WiFiName/WiFiName.entitlements;
				CODE_SIGN_STYLE = Automatic;
				COMBINE_HIDPI_IMAGES = YES;
				DEVELOPMENT_TEAM = S3QL98ZFQC;
				INFOPLIST_FILE = WiFiName/Info.plist;
				LD_RUNPATH_SEARCH_PATHS = (
					"$(inherited)",
					"@executable_path/../Frameworks",
				);
				PRODUCT_BUNDLE_IDENTIFIER = com.chillar.WiFiName;
				PRODUCT_NAME = "$(TARGET_NAME)";
				SWIFT_VERSION = 5.0;
			};
			name = Debug;
		};
		45DCAC6C2302F0EB0078A290 /* Release */ = {
			isa = XCBuildConfiguration;
			baseConfigurationReference = 2D0B7F3D90D1118306CF6437 /* Pods-WiFiName.release.xcconfig */;
			buildSettings = {
				ASSETCATALOG_COMPILER_APPICON_NAME = AppIcon;
				CODE_SIGN_ENTITLEMENTS = WiFiName/WiFiName.entitlements;
				CODE_SIGN_STYLE = Automatic;
				COMBINE_HIDPI_IMAGES = YES;
				DEVELOPMENT_TEAM = S3QL98ZFQC;
				INFOPLIST_FILE = WiFiName/Info.plist;
				LD_RUNPATH_SEARCH_PATHS = (
					"$(inherited)",
					"@executable_path/../Frameworks",
				);
				PRODUCT_BUNDLE_IDENTIFIER = com.chillar.WiFiName;
				PRODUCT_NAME = "$(TARGET_NAME)";
				SWIFT_VERSION = 5.0;
			};
			name = Release;
		};
/* End XCBuildConfiguration section */

/* Begin XCConfigurationList section */
		45DCAC552302F0EA0078A290 /* Build configuration list for PBXProject "WiFiName" */ = {
			isa = XCConfigurationList;
			buildConfigurations = (
				45DCAC682302F0EB0078A290 /* Debug */,
				45DCAC692302F0EB0078A290 /* Release */,
			);
			defaultConfigurationIsVisible = 0;
			defaultConfigurationName = Release;
		};
		45DCAC6A2302F0EB0078A290 /* Build configuration list for PBXNativeTarget "WiFiName" */ = {
			isa = XCConfigurationList;
			buildConfigurations = (
				45DCAC6B2302F0EB0078A290 /* Debug */,
				45DCAC6C2302F0EB0078A290 /* Release */,
			);
			defaultConfigurationIsVisible = 0;
			defaultConfigurationName = Release;
		};
/* End XCConfigurationList section */
	};
	rootObject = 45DCAC522302F0EA0078A290 /* Project object */;
}
